
Microsoft Visual Studio Solution File, Format Version 12.00
# Visual Studio Version 17
VisualStudioVersion = 17.4.33205.214
MinimumVisualStudioVersion = 10.0.40219.1
Project("{FAE04EC0-301F-11D3-BF4B-00C04F79EFBC}") = "TodoApi", "TodoApi.csproj", "{2362A032-87D7-4FAC-A3DC-79A03996A4BF}"
EndProject
Global
	GlobalSection(SolutionConfigurationPlatforms) = preSolution
		Debug|Any CPU = Debug|Any CPU
		Release|Any CPU = Release|Any CPU
	EndGlobalSection
	GlobalSection(ProjectConfigurationPlatforms) = postSolution
		{2362A032-87D7-4FAC-A3DC-79A03996A4BF}.Debug|Any CPU.ActiveCfg = Debug|Any CPU
		{2362A032-87D7-4FAC-A3DC-79A03996A4BF}.Debug|Any CPU.Build.0 = Debug|Any CPU
		{2362A032-87D7-4FAC-A3DC-79A03996A4BF}.Release|Any CPU.ActiveCfg = Release|Any CPU
		{2362A032-87D7-4FAC-A3DC-79A03996A4BF}.Release|Any CPU.Build.0 = Release|Any CPU
	EndGlobalSection
	GlobalSection(SolutionProperties) = preSolution
		HideSolutionNode = FALSE
	EndGlobalSection
	GlobalSection(ExtensibilityGlobals) = postSolution
		SolutionGuid = {8D162688-1251-4395-ABE2-D108CCB16E36}
	EndGlobalSection
EndGlobal
